
Microsoft Visual Studio Solution File, Format Version 12.00
# Visual Studio Version 17
VisualStudioVersion = 17.5.33414.496
MinimumVisualStudioVersion = 10.0.40219.1
Project("{FAE04EC0-301F-11D3-BF4B-00C04F79EFBC}") = "Tester_Dictionary", "Tester_Dictionary\Tester_Dictionary.csproj", "{47C06CD5-2812-4705-9CA6-0CB707578B6A}"
EndProject
Global
	GlobalSection(SolutionConfigurationPlatforms) = preSolution
		Debug|Any CPU = Debug|Any CPU
		Release|Any CPU = Release|Any CPU
	EndGlobalSection
	GlobalSection(ProjectConfigurationPlatforms) = postSolution
		{47C06CD5-2812-4705-9CA6-0CB707578B6A}.Debug|Any CPU.ActiveCfg = Debug|Any CPU
		{47C06CD5-2812-4705-9CA6-0CB707578B6A}.Debug|Any CPU.Build.0 = Debug|Any CPU
		{47C06CD5-2812-4705-9CA6-0CB707578B6A}.Release|Any CPU.ActiveCfg = Release|Any CPU
		{47C06CD5-2812-4705-9CA6-0CB707578B6A}.Release|Any CPU.Build.0 = Release|Any CPU
	EndGlobalSection
	GlobalSection(SolutionProperties) = preSolution
		HideSolutionNode = FALSE
	EndGlobalSection
	GlobalSection(ExtensibilityGlobals) = postSolution
		SolutionGuid = {552AFE02-1E98-473B-8C68-B160032AED40}
	EndGlobalSection
EndGlobal
